<Solution>
  <Project Path="NetCoreAI.Project01_APIDemo/NetCoreAI.Project01_APIDemo.csproj" />
  <Project Path="NetCoreAI.Project02_APIConsumeUI/NetCoreAI.Project02_APIConsumeUI.csproj" />
  <Project Path="NetCoreAI.Project03_RapidAPI/NetCoreAI.Project03_RapidAPI.csproj" />
  <Project Path="NetCoreAI.Project04_GeminiAPIChat/NetCoreAI.Project04_GeminiAPIChat.csproj" />
  <Project Path="NetCoreAI.Project05_OpenWhisperAudioTranskript/NetCoreAI.Project05_OpenWhisperAudioTranskript.csproj" Id="d59ea2c0-ea65-4630-9894-d41934211782" />
  <Project Path="NetCoreAI.Project06_HaggingFace/NetCoreAI.Project06_HaggingFace.csproj" />
  <Project Path="NetCoreAI.Project07_TesseractOcr/NetCoreAI.Project07_TesseractOcr.csproj" Id="47b9dfe6-e246-40d9-9fb9-939d4248cfb9" />
  <Project Path="NetCoreAI.Project08_OCR.Space/NetCoreAI.Project08_OCR.Space.csproj" />
  <Project Path="NetCoreAI.Project09_GroqAiTranslate/NetCoreAI.Project09_GroqAiTranslate.csproj" Id="d43786c9-ba70-4fd7-8ae8-20ffb267b457" />
  <Project Path="NetCoreAI.Project10_TextToSpeech/NetCoreAI.Project10_TextToSpeech.csproj" Id="fc81ed68-6b6a-424a-932e-927ef4d28442" />
  <Project Path="NetCoreAI.Project11_GoogleTextToSpeech/NetCoreAI.Project11_GoogleTextToSpeech.csproj" />
  <Project Path="NetCoreAI.Project12_SentimentAIApp/NetCoreAI.Project12_SentimentAIApp.csproj" Id="e8edeb02-16e0-4aed-ae58-df1e21aa9e1e" />
  <Project Path="NetCoreAI.Project13_SentimentWithDegreeAiApp/NetCoreAI.Project13_SentimentWithDegreeAiApp.csproj" Id="eb79cde9-dabf-46a1-8d6d-a38e31157cdb" />
  <Project Path="NetCoreAI.Project14_ArticleSummarizeAI/NetCoreAI.Project14_ArticleSummarizeAI.csproj" Id="a59ac007-bb37-40d7-975b-e6b33f083d70" />
  <Project Path="NetCoreAI.Project15_WebScraping/NetCoreAI.Project15_WebScrapingWithGroqAI.csproj" Id="3f412c18-60c7-416b-80a7-e1eb024b10ff" />
  <Project Path="NetCoreAI.Project16_PdfAnalyzeWithGroqAI/NetCoreAI.Project16_PdfAnalyzeWithGroqAI.csproj" Id="25a7596c-dad3-4c70-8fd0-9239e80423b5" />
  <Project Path="NetCoreAI.Project17_HuggingFaceImageDetection/NetCoreAI.Project17_HuggingFaceImageDetection.csproj" Id="4b45463c-b31a-42a3-a986-39ecc571127f" />
</Solution>
